
Microsoft Visual Studio Solution File, Format Version 12.00
# Visual Studio Version 17
VisualStudioVersion = 17.0.31808.319
MinimumVisualStudioVersion = 10.0.40219.1
Project("{FAE04EC0-301F-11D3-BF4B-00C04F79EFBC}") = "XmlSharp", "XmlSharp\XmlSharp.csproj", "{4D13A6C2-E6DD-4DC4-98AF-9EA3ECE7D230}"
EndProject
Global
	GlobalSection(SolutionConfigurationPlatforms) = preSolution
		Debug|Any CPU = Debug|Any CPU
		Release|Any CPU = Release|Any CPU
	EndGlobalSection
	GlobalSection(ProjectConfigurationPlatforms) = postSolution
		{4D13A6C2-E6DD-4DC4-98AF-9EA3ECE7D230}.Debug|Any CPU.ActiveCfg = Debug|Any CPU
		{4D13A6C2-E6DD-4DC4-98AF-9EA3ECE7D230}.Debug|Any CPU.Build.0 = Debug|Any CPU
		{4D13A6C2-E6DD-4DC4-98AF-9EA3ECE7D230}.Release|Any CPU.ActiveCfg = Release|Any CPU
		{4D13A6C2-E6DD-4DC4-98AF-9EA3ECE7D230}.Release|Any CPU.Build.0 = Release|Any CPU
	EndGlobalSection
	GlobalSection(SolutionProperties) = preSolution
		HideSolutionNode = FALSE
	EndGlobalSection
	GlobalSection(ExtensibilityGlobals) = postSolution
		SolutionGuid = {0E60F315-1478-4DE6-9135-B44B4A45BB40}
	EndGlobalSection
EndGlobal
